
Microsoft Visual Studio Solution File, Format Version 12.00
# Visual Studio Version 16
VisualStudioVersion = 16.0.30804.86
MinimumVisualStudioVersion = 10.0.40219.1
Project("{8BC9CEB8-8B4A-11D0-8D11-00A0C91BC942}") = "Bedlam2", "Bedlam2.vcxproj", "{E345867E-AAE7-4E6C-AD24-986AEA446A69}"
EndProject
Global
	GlobalSection(SolutionConfigurationPlatforms) = preSolution
		Debug|x86 = Debug|x86
		Release|x86 = Release|x86
	EndGlobalSection
	GlobalSection(ProjectConfigurationPlatforms) = postSolution
		{E345867E-AAE7-4E6C-AD24-986AEA446A69}.Debug|x86.ActiveCfg = Debug|Win32
		{E345867E-AAE7-4E6C-AD24-986AEA446A69}.Debug|x86.Build.0 = Debug|Win32
		{E345867E-AAE7-4E6C-AD24-986AEA446A69}.Release|x86.ActiveCfg = Release|Win32
		{E345867E-AAE7-4E6C-AD24-986AEA446A69}.Release|x86.Build.0 = Release|Win32
	EndGlobalSection
	GlobalSection(SolutionProperties) = preSolution
		HideSolutionNode = FALSE
	EndGlobalSection
	GlobalSection(ExtensibilityGlobals) = postSolution
		SolutionGuid = {4E423CEC-BA5D-448E-9E0B-41D57F109602}
	EndGlobalSection
EndGlobal
